lockfileVersion: '6.0'

settings:
  autoInstallPeers: true
  excludeLinksFromLockfile: false

dependencies:
  deploy-posts-to-github-issue:
    specifier: link:../deploy-posts-to-github-issue
    version: link:../deploy-posts-to-github-issue
  isubo:
    specifier: link:/home/isaac/workspace/deploy-posts-to-github-issue
    version: link:../../..
